
Microsoft Visual Studio Solution File, Format Version 12.00
# Visual Studio Version 16
VisualStudioVersion = 16.0.29209.62
MinimumVisualStudioVersion = 10.0.40219.1
Project("{FAE04EC0-301F-11D3-BF4B-00C04F79EFBC}") = "OitcAgentSvc", "OitcAgentSvc\OitcAgentSvc.csproj", "{742DF800-8B75-499D-A99C-7FDF22602C70}"
EndProject
Global
	GlobalSection(SolutionConfigurationPlatforms) = preSolution
		Debug|Any CPU = Debug|Any CPU
		Release|Any CPU = Release|Any CPU
	EndGlobalSection
	GlobalSection(ProjectConfigurationPlatforms) = postSolution
		{742DF800-8B75-499D-A99C-7FDF22602C70}.Debug|Any CPU.ActiveCfg = Debug|Any CPU
		{742DF800-8B75-499D-A99C-7FDF22602C70}.Debug|Any CPU.Build.0 = Debug|Any CPU
		{742DF800-8B75-499D-A99C-7FDF22602C70}.Release|Any CPU.ActiveCfg = Release|Any CPU
		{742DF800-8B75-499D-A99C-7FDF22602C70}.Release|Any CPU.Build.0 = Release|Any CPU
	EndGlobalSection
	GlobalSection(SolutionProperties) = preSolution
		HideSolutionNode = FALSE
	EndGlobalSection
	GlobalSection(ExtensibilityGlobals) = postSolution
		SolutionGuid = {FBBC945A-85C5-418E-B11E-6CA7C3F3333B}
	EndGlobalSection
EndGlobal
